
Microsoft Visual Studio Solution File, Format Version 12.00
Project("{FAE04EC0-301F-11D3-BF4B-00C04F79EFBC}") = "p4rpc.trip2.debugui", "p4rpc.trip2.debugui\p4rpc.trip2.debugui.csproj", "{22F638E3-9EEE-45EB-8BCE-9303A67EA07E}"
EndProject
Project("{FAE04EC0-301F-11D3-BF4B-00C04F79EFBC}") = "p4rpc.trip2.debugui.Interfaces", "p4rpc.trip2.debugui.Interfaces\p4rpc.trip2.debugui.Interfaces.csproj", "{8057BDA3-D9B8-4D91-82EB-21437F80FBA2}"
EndProject
Project("{FAE04EC0-301F-11D3-BF4B-00C04F79EFBC}") = "p4rpc.trip2.debug.reloadedconsole", "p4rpc.trip2.debug.reloadedconsole\p4rpc.trip2.debug.reloadedconsole.csproj", "{D83567E0-8879-464A-8DAD-5715018D96C2}"
EndProject
Project("{FAE04EC0-301F-11D3-BF4B-00C04F79EFBC}") = "p4rpc.trip2.debug.uobjectviewer", "p4rpc.trip2.debug.uobjectviewer\p4rpc.trip2.debug.uobjectviewer.csproj", "{14577403-B084-4E4A-8214-78CB56768701}"
EndProject
Project("{FAE04EC0-301F-11D3-BF4B-00C04F79EFBC}") = "p4rpc.trip2.debug.helloworld", "p4rpc.trip2.debug.helloworld\p4rpc.trip2.debug.helloworld.csproj", "{ABC61564-79BC-40A7-9D7E-FFFE305C9961}"
EndProject
Project("{FAE04EC0-301F-11D3-BF4B-00C04F79EFBC}") = "p4rpc.trip2.ImGui", "p4rpc.trip2.ImGui\p4rpc.trip2.ImGui.csproj", "{65103484-1F6B-4B2C-AE67-B09F08DAD690}"
EndProject
Project("{FAE04EC0-301F-11D3-BF4B-00C04F79EFBC}") = "p4rpc.trip2.debug.testtoolkit", "p4rpc.trip2.debug.testtoolkit\p4rpc.trip2.debug.testtoolkit.csproj", "{9D29A327-C4E2-41A2-A8B9-8D1B353F828C}"
EndProject
Project("{FAE04EC0-301F-11D3-BF4B-00C04F79EFBC}") = "UnrealEssentials.Interfaces", "..\UnrealEssentials\UnrealEssentials.Interfaces\UnrealEssentials.Interfaces.csproj", "{E9098A18-A289-4487-9B2E-89F9C99D452D}"
EndProject
Project("{FAE04EC0-301F-11D3-BF4B-00C04F79EFBC}") = "UE.Toolkit.Interfaces", "..\UE.Toolkit\UE.Toolkit.Interfaces\UE.Toolkit.Interfaces.csproj", "{8759BB67-E6B6-4466-A561-6D7A31E1893D}"
EndProject
Project("{FAE04EC0-301F-11D3-BF4B-00C04F79EFBC}") = "UE.Toolkit.Core", "..\UE.Toolkit\UE.Toolkit.Core\UE.Toolkit.Core.csproj", "{9C157F49-7277-4AD1-89AD-757FC3A7E20D}"
EndProject
Global
	GlobalSection(SolutionConfigurationPlatforms) = preSolution
		Debug|Any CPU = Debug|Any CPU
		Release|Any CPU = Release|Any CPU
	EndGlobalSection
	GlobalSection(ProjectConfigurationPlatforms) = postSolution
		{22F638E3-9EEE-45EB-8BCE-9303A67EA07E}.Debug|Any CPU.ActiveCfg = Debug|Any CPU
		{22F638E3-9EEE-45EB-8BCE-9303A67EA07E}.Debug|Any CPU.Build.0 = Debug|Any CPU
		{22F638E3-9EEE-45EB-8BCE-9303A67EA07E}.Release|Any CPU.ActiveCfg = Release|Any CPU
		{22F638E3-9EEE-45EB-8BCE-9303A67EA07E}.Release|Any CPU.Build.0 = Release|Any CPU
		{8057BDA3-D9B8-4D91-82EB-21437F80FBA2}.Debug|Any CPU.ActiveCfg = Debug|Any CPU
		{8057BDA3-D9B8-4D91-82EB-21437F80FBA2}.Debug|Any CPU.Build.0 = Debug|Any CPU
		{8057BDA3-D9B8-4D91-82EB-21437F80FBA2}.Release|Any CPU.ActiveCfg = Release|Any CPU
		{8057BDA3-D9B8-4D91-82EB-21437F80FBA2}.Release|Any CPU.Build.0 = Release|Any CPU
		{D83567E0-8879-464A-8DAD-5715018D96C2}.Debug|Any CPU.ActiveCfg = Debug|Any CPU
		{D83567E0-8879-464A-8DAD-5715018D96C2}.Debug|Any CPU.Build.0 = Debug|Any CPU
		{D83567E0-8879-464A-8DAD-5715018D96C2}.Release|Any CPU.ActiveCfg = Release|Any CPU
		{D83567E0-8879-464A-8DAD-5715018D96C2}.Release|Any CPU.Build.0 = Release|Any CPU
		{14577403-B084-4E4A-8214-78CB56768701}.Debug|Any CPU.ActiveCfg = Debug|Any CPU
		{14577403-B084-4E4A-8214-78CB56768701}.Debug|Any CPU.Build.0 = Debug|Any CPU
		{14577403-B084-4E4A-8214-78CB56768701}.Release|Any CPU.ActiveCfg = Release|Any CPU
		{14577403-B084-4E4A-8214-78CB56768701}.Release|Any CPU.Build.0 = Release|Any CPU
		{ABC61564-79BC-40A7-9D7E-FFFE305C9961}.Debug|Any CPU.ActiveCfg = Debug|Any CPU
		{ABC61564-79BC-40A7-9D7E-FFFE305C9961}.Debug|Any CPU.Build.0 = Debug|Any CPU
		{ABC61564-79BC-40A7-9D7E-FFFE305C9961}.Release|Any CPU.ActiveCfg = Release|Any CPU
		{ABC61564-79BC-40A7-9D7E-FFFE305C9961}.Release|Any CPU.Build.0 = Release|Any CPU
		{65103484-1F6B-4B2C-AE67-B09F08DAD690}.Debug|Any CPU.ActiveCfg = Debug|Any CPU
		{65103484-1F6B-4B2C-AE67-B09F08DAD690}.Debug|Any CPU.Build.0 = Debug|Any CPU
		{65103484-1F6B-4B2C-AE67-B09F08DAD690}.Release|Any CPU.ActiveCfg = Release|Any CPU
		{65103484-1F6B-4B2C-AE67-B09F08DAD690}.Release|Any CPU.Build.0 = Release|Any CPU
		{9D29A327-C4E2-41A2-A8B9-8D1B353F828C}.Debug|Any CPU.ActiveCfg = Debug|Any CPU
		{9D29A327-C4E2-41A2-A8B9-8D1B353F828C}.Debug|Any CPU.Build.0 = Debug|Any CPU
		{9D29A327-C4E2-41A2-A8B9-8D1B353F828C}.Release|Any CPU.ActiveCfg = Release|Any CPU
		{9D29A327-C4E2-41A2-A8B9-8D1B353F828C}.Release|Any CPU.Build.0 = Release|Any CPU
		{E9098A18-A289-4487-9B2E-89F9C99D452D}.Debug|Any CPU.ActiveCfg = Debug|Any CPU
		{E9098A18-A289-4487-9B2E-89F9C99D452D}.Debug|Any CPU.Build.0 = Debug|Any CPU
		{E9098A18-A289-4487-9B2E-89F9C99D452D}.Release|Any CPU.ActiveCfg = Release|Any CPU
		{E9098A18-A289-4487-9B2E-89F9C99D452D}.Release|Any CPU.Build.0 = Release|Any CPU
		{8759BB67-E6B6-4466-A561-6D7A31E1893D}.Debug|Any CPU.ActiveCfg = Debug|Any CPU
		{8759BB67-E6B6-4466-A561-6D7A31E1893D}.Debug|Any CPU.Build.0 = Debug|Any CPU
		{8759BB67-E6B6-4466-A561-6D7A31E1893D}.Release|Any CPU.ActiveCfg = Release|Any CPU
		{8759BB67-E6B6-4466-A561-6D7A31E1893D}.Release|Any CPU.Build.0 = Release|Any CPU
		{9C157F49-7277-4AD1-89AD-757FC3A7E20D}.Debug|Any CPU.ActiveCfg = Debug|Any CPU
		{9C157F49-7277-4AD1-89AD-757FC3A7E20D}.Debug|Any CPU.Build.0 = Debug|Any CPU
		{9C157F49-7277-4AD1-89AD-757FC3A7E20D}.Release|Any CPU.ActiveCfg = Release|Any CPU
		{9C157F49-7277-4AD1-89AD-757FC3A7E20D}.Release|Any CPU.Build.0 = Release|Any CPU
	EndGlobalSection
EndGlobal
